
Microsoft Visual Studio Solution File, Format Version 12.00
# Visual Studio Version 17
VisualStudioVersion = 17.10.35027.167
MinimumVisualStudioVersion = 10.0.40219.1
Project("{FAE04EC0-301F-11D3-BF4B-00C04F79EFBC}") = "tpCS", "tpCS\tpCS.csproj", "{16406A6E-ECDA-43B8-969A-0FE60E1B33C6}"
EndProject
Global
	GlobalSection(SolutionConfigurationPlatforms) = preSolution
		Debug|Any CPU = Debug|Any CPU
		Release|Any CPU = Release|Any CPU
	EndGlobalSection
	GlobalSection(ProjectConfigurationPlatforms) = postSolution
		{16406A6E-ECDA-43B8-969A-0FE60E1B33C6}.Debug|Any CPU.ActiveCfg = Debug|Any CPU
		{16406A6E-ECDA-43B8-969A-0FE60E1B33C6}.Debug|Any CPU.Build.0 = Debug|Any CPU
		{16406A6E-ECDA-43B8-969A-0FE60E1B33C6}.Release|Any CPU.ActiveCfg = Release|Any CPU
		{16406A6E-ECDA-43B8-969A-0FE60E1B33C6}.Release|Any CPU.Build.0 = Release|Any CPU
	EndGlobalSection
	GlobalSection(SolutionProperties) = preSolution
		HideSolutionNode = FALSE
	EndGlobalSection
	GlobalSection(ExtensibilityGlobals) = postSolution
		SolutionGuid = {DFD85FBA-DEC5-4BD5-9E88-9EFD7D493782}
	EndGlobalSection
EndGlobal
